Microsoft Visual Studio Solution File, Format Version 12.00
# Visual Studio Version 17
VisualStudioVersion = 17.0.31903.59
MinimumVisualStudioVersion = 10.0.40219.1
Project("{8BC9CEB8-8B4A-11D0-8D11-00A0C91BC942}") = "ZeusCore", "Source\ZeusCore\ZeusCore.vcxproj", "{A6519F9A-435B-4B63-9B9F-2DCE2E78B123}"
EndProject
Project("{8BC9CEB8-8B4A-11D0-8D11-00A0C91BC942}") = "ZeusProtocol", "Source\ZeusProtocol\ZeusProtocol.vcxproj", "{E4F5A6B7-C8D9-40E1-F2A3-B4C5D6E7F8A9}"
EndProject
Project("{8BC9CEB8-8B4A-11D0-8D11-00A0C91BC942}") = "ZeusPlatform", "Source\ZeusPlatform\ZeusPlatform.vcxproj", "{B7620B1C-546D-4C7E-AF12-3EDF4C88A456}"
EndProject
Project("{8BC9CEB8-8B4A-11D0-8D11-00A0C91BC942}") = "ZeusNet", "Source\ZeusNet\ZeusNet.vcxproj", "{F5A6B7C8-D9E0-41F2-A3B4-C5D6E7F8A9B0}"
EndProject
Project("{8BC9CEB8-8B4A-11D0-8D11-00A0C91BC942}") = "ZeusSession", "Source\ZeusSession\ZeusSession.vcxproj", "{A6B7C8D9-E0F1-42A3-B4C5-D6E7F8A9B0C1}"
EndProject
Project("{8BC9CEB8-8B4A-11D0-8D11-00A0C91BC942}") = "ZeusRuntime", "Source\ZeusRuntime\ZeusRuntime.vcxproj", "{C8731D2E-657E-4D8F-B023-4FE05D99B567}"
EndProject
Project("{8BC9CEB8-8B4A-11D0-8D11-00A0C91BC942}") = "ZeusMath", "Source\ZeusMath\ZeusMath.vcxproj", "{E1E2E3E4-E5E6-47A0-B1C2-D3E4F5A60780}"
EndProject
Project("{8BC9CEB8-8B4A-11D0-8D11-00A0C91BC942}") = "ZeusWorld", "Source\ZeusWorld\ZeusWorld.vcxproj", "{F2F3F4F5-F6F7-48A1-B2C3-D4E5F6A70891}"
EndProject
Project("{8BC9CEB8-8B4A-11D0-8D11-00A0C91BC942}") = "ZeusApp", "Source\ZeusApp\ZeusApp.vcxproj", "{D9842E3F-768F-4E90-C134-5AF16E00C678}"
EndProject
Global
	GlobalSection(SolutionConfigurationPlatforms) = preSolution
		Debug|x64 = Debug|x64
		Release|x64 = Release|x64
	EndGlobalSection
	GlobalSection(ProjectConfigurationPlatforms) = postSolution
		{A6519F9A-435B-4B63-9B9F-2DCE2E78B123}.Debug|x64.ActiveCfg = Debug|x64
		{A6519F9A-435B-4B63-9B9F-2DCE2E78B123}.Debug|x64.Build.0 = Debug|x64
		{A6519F9A-435B-4B63-9B9F-2DCE2E78B123}.Release|x64.ActiveCfg = Release|x64
		{A6519F9A-435B-4B63-9B9F-2DCE2E78B123}.Release|x64.Build.0 = Release|x64
		{E4F5A6B7-C8D9-40E1-F2A3-B4C5D6E7F8A9}.Debug|x64.ActiveCfg = Debug|x64
		{E4F5A6B7-C8D9-40E1-F2A3-B4C5D6E7F8A9}.Debug|x64.Build.0 = Debug|x64
		{E4F5A6B7-C8D9-40E1-F2A3-B4C5D6E7F8A9}.Release|x64.ActiveCfg = Release|x64
		{E4F5A6B7-C8D9-40E1-F2A3-B4C5D6E7F8A9}.Release|x64.Build.0 = Release|x64
		{B7620B1C-546D-4C7E-AF12-3EDF4C88A456}.Debug|x64.ActiveCfg = Debug|x64
		{B7620B1C-546D-4C7E-AF12-3EDF4C88A456}.Debug|x64.Build.0 = Debug|x64
		{B7620B1C-546D-4C7E-AF12-3EDF4C88A456}.Release|x64.ActiveCfg = Release|x64
		{B7620B1C-546D-4C7E-AF12-3EDF4C88A456}.Release|x64.Build.0 = Release|x64
		{F5A6B7C8-D9E0-41F2-A3B4-C5D6E7F8A9B0}.Debug|x64.ActiveCfg = Debug|x64
		{F5A6B7C8-D9E0-41F2-A3B4-C5D6E7F8A9B0}.Debug|x64.Build.0 = Debug|x64
		{F5A6B7C8-D9E0-41F2-A3B4-C5D6E7F8A9B0}.Release|x64.ActiveCfg = Release|x64
		{F5A6B7C8-D9E0-41F2-A3B4-C5D6E7F8A9B0}.Release|x64.Build.0 = Release|x64
		{A6B7C8D9-E0F1-42A3-B4C5-D6E7F8A9B0C1}.Debug|x64.ActiveCfg = Debug|x64
		{A6B7C8D9-E0F1-42A3-B4C5-D6E7F8A9B0C1}.Debug|x64.Build.0 = Debug|x64
		{A6B7C8D9-E0F1-42A3-B4C5-D6E7F8A9B0C1}.Release|x64.ActiveCfg = Release|x64
		{A6B7C8D9-E0F1-42A3-B4C5-D6E7F8A9B0C1}.Release|x64.Build.0 = Release|x64
		{C8731D2E-657E-4D8F-B023-4FE05D99B567}.Debug|x64.ActiveCfg = Debug|x64
		{C8731D2E-657E-4D8F-B023-4FE05D99B567}.Debug|x64.Build.0 = Debug|x64
		{C8731D2E-657E-4D8F-B023-4FE05D99B567}.Release|x64.ActiveCfg = Release|x64
		{C8731D2E-657E-4D8F-B023-4FE05D99B567}.Release|x64.Build.0 = Release|x64
		{E1E2E3E4-E5E6-47A0-B1C2-D3E4F5A60780}.Debug|x64.ActiveCfg = Debug|x64
		{E1E2E3E4-E5E6-47A0-B1C2-D3E4F5A60780}.Debug|x64.Build.0 = Debug|x64
		{E1E2E3E4-E5E6-47A0-B1C2-D3E4F5A60780}.Release|x64.ActiveCfg = Release|x64
		{E1E2E3E4-E5E6-47A0-B1C2-D3E4F5A60780}.Release|x64.Build.0 = Release|x64
		{F2F3F4F5-F6F7-48A1-B2C3-D4E5F6A70891}.Debug|x64.ActiveCfg = Debug|x64
		{F2F3F4F5-F6F7-48A1-B2C3-D4E5F6A70891}.Debug|x64.Build.0 = Debug|x64
		{F2F3F4F5-F6F7-48A1-B2C3-D4E5F6A70891}.Release|x64.ActiveCfg = Release|x64
		{F2F3F4F5-F6F7-48A1-B2C3-D4E5F6A70891}.Release|x64.Build.0 = Release|x64
		{D9842E3F-768F-4E90-C134-5AF16E00C678}.Debug|x64.ActiveCfg = Debug|x64
		{D9842E3F-768F-4E90-C134-5AF16E00C678}.Debug|x64.Build.0 = Debug|x64
		{D9842E3F-768F-4E90-C134-5AF16E00C678}.Release|x64.ActiveCfg = Release|x64
		{D9842E3F-768F-4E90-C134-5AF16E00C678}.Release|x64.Build.0 = Release|x64
	EndGlobalSection
	GlobalSection(SolutionProperties) = preSolution
		HideSolutionNode = FALSE
	EndGlobalSection
	GlobalSection(ExtensibilityGlobals) = postSolution
		SolutionGuid = {E0953F40-8790-4FA1-D245-6BF27F11D789}
	EndGlobalSection
EndGlobal
